// !$*UTF8*$!
{
	archiveVersion = 1;
	classes = {
	};
	objectVersion = 51;
	objects = {

/* Begin PBXBuildFile section */
		061379B4237477D0004543A5 /* AppDelegate.swift in Sources */ = {isa = PBXBuildFile; fileRef = 061379B3237477D0004543A5 /* AppDelegate.swift */; };
		061379B9237477D0004543A5 /* Main.storyboard in Resources */ = {isa = PBXBuildFile; fileRef = 061379B7237477D0004543A5 /* Main.storyboard */; };
		061379BB237477D2004543A5 /* Assets.xcassets in Resources */ = {isa = PBXBuildFile; fileRef = 061379BA237477D2004543A5 /* Assets.xcassets */; };
		061379BE237477D2004543A5 /* LaunchScreen.storyboard in Resources */ = {isa = PBXBuildFile; fileRef = 061379BC237477D2004543A5 /* LaunchScreen.storyboard */; };
		061379C9237477D2004543A5 /* RxFlow_UnsplashTests.swift in Sources */ = {isa = PBXBuildFile; fileRef = 061379C8237477D2004543A5 /* RxFlow_UnsplashTests.swift */; };
		061379DC2374794A004543A5 /* BindableType.swift in Sources */ = {isa = PBXBuildFile; fileRef = 061379DB23747949004543A5 /* BindableType.swift */; };
		061379E423747976004543A5 /* ClassIdentifiable.swift in Sources */ = {isa = PBXBuildFile; fileRef = 061379E023747976004543A5 /* ClassIdentifiable.swift */; };
		061379E523747976004543A5 /* NibIdentifiable.swift in Sources */ = {isa = PBXBuildFile; fileRef = 061379E123747976004543A5 /* NibIdentifiable.swift */; };
		061379E623747976004543A5 /* UICollectionView+Identifiable.swift in Sources */ = {isa = PBXBuildFile; fileRef = 061379E223747976004543A5 /* UICollectionView+Identifiable.swift */; };
		061379E723747976004543A5 /* UITableView+Identifiable.swift in Sources */ = {isa = PBXBuildFile; fileRef = 061379E323747976004543A5 /* UITableView+Identifiable.swift */; };
		061379E923747C63004543A5 /* DisposableViewController.swift in Sources */ = {isa = PBXBuildFile; fileRef = 061379E823747C63004543A5 /* DisposableViewController.swift */; };
		061379EC23747FF7004543A5 /* API.swift in Sources */ = {isa = PBXBuildFile; fileRef = 061379EB23747FF7004543A5 /* API.swift */; };
		06137A1723748BC2004543A5 /* Orientation.swift in Sources */ = {isa = PBXBuildFile; fileRef = 06137A1223748BC2004543A5 /* Orientation.swift */; };
		06137A1823748BC2004543A5 /* Scope.swift in Sources */ = {isa = PBXBuildFile; fileRef = 06137A1323748BC2004543A5 /* Scope.swift */; };
		06137A1923748BC2004543A5 /* OrderBy.swift in Sources */ = {isa = PBXBuildFile; fileRef = 06137A1423748BC2004543A5 /* OrderBy.swift */; };
		06137A1A23748BC2004543A5 /* Resolution.swift in Sources */ = {isa = PBXBuildFile; fileRef = 06137A1523748BC2004543A5 /* Resolution.swift */; };
		06137A1B23748BC2004543A5 /* PhotosType.swift in Sources */ = {isa = PBXBuildFile; fileRef = 06137A1623748BC2004543A5 /* PhotosType.swift */; };
		06137A3923749AA6004543A5 /* TinyNetworkingError.swift in Sources */ = {isa = PBXBuildFile; fileRef = 06137A2923749AA6004543A5 /* TinyNetworkingError.swift */; };
		06137A3A23749AA6004543A5 /* URLRequest+Extensions.swift in Sources */ = {isa = PBXBuildFile; fileRef = 06137A2A23749AA6004543A5 /* URLRequest+Extensions.swift */; };
		06137A3D23749AA6004543A5 /* URLSession+Extensions.swift in Sources */ = {isa = PBXBuildFile; fileRef = 06137A2E23749AA6004543A5 /* URLSession+Extensions.swift */; };
		06137A3E23749AA6004543A5 /* TinyNetworkingType.swift in Sources */ = {isa = PBXBuildFile; fileRef = 06137A2F23749AA6004543A5 /* TinyNetworkingType.swift */; };
		06137A3F23749AA6004543A5 /* TinyNetworking.swift in Sources */ = {isa = PBXBuildFile; fileRef = 06137A3023749AA6004543A5 /* TinyNetworking.swift */; };
		06137A4023749AA6004543A5 /* Response.swift in Sources */ = {isa = PBXBuildFile; fileRef = 06137A3123749AA6004543A5 /* Response.swift */; };
		06137A4123749AA6004543A5 /* ResourceType.swift in Sources */ = {isa = PBXBuildFile; fileRef = 06137A3223749AA6004543A5 /* ResourceType.swift */; };
		06137A4223749AA6004543A5 /* URL+Extensions.swift in Sources */ = {isa = PBXBuildFile; fileRef = 06137A3323749AA6004543A5 /* URL+Extensions.swift */; };
		06137A4323749AA6004543A5 /* Task.swift in Sources */ = {isa = PBXBuildFile; fileRef = 06137A3423749AA6004543A5 /* Task.swift */; };
		06137A4423749AA6004543A5 /* URLEncoding.swift in Sources */ = {isa = PBXBuildFile; fileRef = 06137A3523749AA6004543A5 /* URLEncoding.swift */; };
		06137A4623749AA6004543A5 /* Endpoint.swift in Sources */ = {isa = PBXBuildFile; fileRef = 06137A3723749AA6004543A5 /* Endpoint.swift */; };
		06137A4B23749AC9004543A5 /* Rx+TinyNetworking.swift in Sources */ = {isa = PBXBuildFile; fileRef = 06137A4923749AC9004543A5 /* Rx+TinyNetworking.swift */; };
		06137A4E2374A52D004543A5 /* URLComponents+Extensions.swift in Sources */ = {isa = PBXBuildFile; fileRef = 06137A4D2374A52D004543A5 /* URLComponents+Extensions.swift */; };
		06137A512374A97D004543A5 /* Encodable+Extensions.swift in Sources */ = {isa = PBXBuildFile; fileRef = 06137A502374A97D004543A5 /* Encodable+Extensions.swift */; };
		06137A552374AC60004543A5 /* HTTPHeader.swift in Sources */ = {isa = PBXBuildFile; fileRef = 06137A542374AC60004543A5 /* HTTPHeader.swift */; };
		763E0A73373D473F349CD99F /* Pods_RxFlow_Unsplash.framework in Frameworks */ = {isa = PBXBuildFile; fileRef = 3C0C311AD0D6D58969AD47A3 /* Pods_RxFlow_Unsplash.framework */; };
/* End PBXBuildFile section */

/* Begin PBXContainerItemProxy section */
		061379C5237477D2004543A5 /* PBXContainerItemProxy */ = {
			isa = PBXContainerItemProxy;
			containerPortal = 061379A8237477D0004543A5 /* Project object */;
			proxyType = 1;
			remoteGlobalIDString = 061379AF237477D0004543A5;
			remoteInfo = "RxFlow-Unsplash";
		};
/* End PBXContainerItemProxy section */

/* Begin PBXFileReference section */
		061379B0237477D0004543A5 /* RxFlow-Unsplash.app */ = {isa = PBXFileReference; explicitFileType = wrapper.application; includeInIndex = 0; path = "RxFlow-Unsplash.app"; sourceTree = BUILT_PRODUCTS_DIR; };
		061379B3237477D0004543A5 /* AppDelegate.swift */ = {isa = PBXFileReference; lastKnownFileType = sourcecode.swift; path = AppDelegate.swift; sourceTree = "<group>"; };
		061379B8237477D0004543A5 /* Base */ = {isa = PBXFileReference; lastKnownFileType = file.storyboard; name = Base; path = Base.lproj/Main.storyboard; sourceTree = "<group>"; };
		061379BA237477D2004543A5 /* Assets.xcassets */ = {isa = PBXFileReference; lastKnownFileType = folder.assetcatalog; path = Assets.xcassets; sourceTree = "<group>"; };
		061379BD237477D2004543A5 /* Base */ = {isa = PBXFileReference; lastKnownFileType = file.storyboard; name = Base; path = Base.lproj/LaunchScreen.storyboard; sourceTree = "<group>"; };
		061379BF237477D2004543A5 /* Info.plist */ = {isa = PBXFileReference; lastKnownFileType = text.plist.xml; path = Info.plist; sourceTree = "<group>"; };
		061379C4237477D2004543A5 /* RxFlow-UnsplashTests.xctest */ = {isa = PBXFileReference; explicitFileType = wrapper.cfbundle; includeInIndex = 0; path = "RxFlow-UnsplashTests.xctest"; sourceTree = BUILT_PRODUCTS_DIR; };
		061379C8237477D2004543A5 /* RxFlow_UnsplashTests.swift */ = {isa = PBXFileReference; lastKnownFileType = sourcecode.swift; path = RxFlow_UnsplashTests.swift; sourceTree = "<group>"; };
		061379CA237477D2004543A5 /* Info.plist */ = {isa = PBXFileReference; lastKnownFileType = text.plist.xml; path = Info.plist; sourceTree = "<group>"; };
		061379DB23747949004543A5 /* BindableType.swift */ = {isa = PBXFileReference; fileEncoding = 4; lastKnownFileType = sourcecode.swift; path = BindableType.swift; sourceTree = "<group>"; };
		061379E023747976004543A5 /* ClassIdentifiable.swift */ = {isa = PBXFileReference; fileEncoding = 4; lastKnownFileType = sourcecode.swift; path = ClassIdentifiable.swift; sourceTree = "<group>"; };
		061379E123747976004543A5 /* NibIdentifiable.swift */ = {isa = PBXFileReference; fileEncoding = 4; lastKnownFileType = sourcecode.swift; path = NibIdentifiable.swift; sourceTree = "<group>"; };
		061379E223747976004543A5 /* UICollectionView+Identifiable.swift */ = {isa = PBXFileReference; fileEncoding = 4; lastKnownFileType = sourcecode.swift; path = "UICollectionView+Identifiable.swift"; sourceTree = "<group>"; };
		061379E323747976004543A5 /* UITableView+Identifiable.swift */ = {isa = PBXFileReference; fileEncoding = 4; lastKnownFileType = sourcecode.swift; path = "UITableView+Identifiable.swift"; sourceTree = "<group>"; };
		061379E823747C63004543A5 /* DisposableViewController.swift */ = {isa = PBXFileReference; lastKnownFileType = sourcecode.swift; path = DisposableViewController.swift; sourceTree = "<group>"; };
		061379EB23747FF7004543A5 /* API.swift */ = {isa = PBXFileReference; lastKnownFileType = sourcecode.swift; path = API.swift; sourceTree = "<group>"; };
		06137A1223748BC2004543A5 /* Orientation.swift */ = {isa = PBXFileReference; fileEncoding = 4; lastKnownFileType = sourcecode.swift; path = Orientation.swift; sourceTree = "<group>"; };
		06137A1323748BC2004543A5 /* Scope.swift */ = {isa = PBXFileReference; fileEncoding = 4; lastKnownFileType = sourcecode.swift; path = Scope.swift; sourceTree = "<group>"; };
		06137A1423748BC2004543A5 /* OrderBy.swift */ = {isa = PBXFileReference; fileEncoding = 4; lastKnownFileType = sourcecode.swift; path = OrderBy.swift; sourceTree = "<group>"; };
		06137A1523748BC2004543A5 /* Resolution.swift */ = {isa = PBXFileReference; fileEncoding = 4; lastKnownFileType = sourcecode.swift; path = Resolution.swift; sourceTree = "<group>"; };
		06137A1623748BC2004543A5 /* PhotosType.swift */ = {isa = PBXFileReference; fileEncoding = 4; lastKnownFileType = sourcecode.swift; path = PhotosType.swift; sourceTree = "<group>"; };
		06137A2923749AA6004543A5 /* TinyNetworkingError.swift */ = {isa = PBXFileReference; fileEncoding = 4; lastKnownFileType = sourcecode.swift; path = TinyNetworkingError.swift; sourceTree = "<group>"; };
		06137A2A23749AA6004543A5 /* URLRequest+Extensions.swift */ = {isa = PBXFileReference; fileEncoding = 4; lastKnownFileType = sourcecode.swift; path = "URLRequest+Extensions.swift"; sourceTree = "<group>"; };
		06137A2E23749AA6004543A5 /* URLSession+Extensions.swift */ = {isa = PBXFileReference; fileEncoding = 4; lastKnownFileType = sourcecode.swift; path = "URLSession+Extensions.swift"; sourceTree = "<group>"; };
		06137A2F23749AA6004543A5 /* TinyNetworkingType.swift */ = {isa = PBXFileReference; fileEncoding = 4; lastKnownFileType = sourcecode.swift; path = TinyNetworkingType.swift; sourceTree = "<group>"; };
		06137A3023749AA6004543A5 /* TinyNetworking.swift */ = {isa = PBXFileReference; fileEncoding = 4; lastKnownFileType = sourcecode.swift; path = TinyNetworking.swift; sourceTree = "<group>"; };
		06137A3123749AA6004543A5 /* Response.swift */ = {isa = PBXFileReference; fileEncoding = 4; lastKnownFileType = sourcecode.swift; path = Response.swift; sourceTree = "<group>"; };
		06137A3223749AA6004543A5 /* ResourceType.swift */ = {isa = PBXFileReference; fileEncoding = 4; lastKnownFileType = sourcecode.swift; path = ResourceType.swift; sourceTree = "<group>"; };
		06137A3323749AA6004543A5 /* URL+Extensions.swift */ = {isa = PBXFileReference; fileEncoding = 4; lastKnownFileType = sourcecode.swift; path = "URL+Extensions.swift"; sourceTree = "<group>"; };
		06137A3423749AA6004543A5 /* Task.swift */ = {isa = PBXFileReference; fileEncoding = 4; lastKnownFileType = sourcecode.swift; path = Task.swift; sourceTree = "<group>"; };
		06137A3523749AA6004543A5 /* URLEncoding.swift */ = {isa = PBXFileReference; fileEncoding = 4; lastKnownFileType = sourcecode.swift; path = URLEncoding.swift; sourceTree = "<group>"; };
		06137A3723749AA6004543A5 /* Endpoint.swift */ = {isa = PBXFileReference; fileEncoding = 4; lastKnownFileType = sourcecode.swift; path = Endpoint.swift; sourceTree = "<group>"; };
		06137A4923749AC9004543A5 /* Rx+TinyNetworking.swift */ = {isa = PBXFileReference; fileEncoding = 4; lastKnownFileType = sourcecode.swift; path = "Rx+TinyNetworking.swift"; sourceTree = "<group>"; };
		06137A4D2374A52D004543A5 /* URLComponents+Extensions.swift */ = {isa = PBXFileReference; lastKnownFileType = sourcecode.swift; path = "URLComponents+Extensions.swift"; sourceTree = "<group>"; };
		06137A502374A97D004543A5 /* Encodable+Extensions.swift */ = {isa = PBXFileReference; lastKnownFileType = sourcecode.swift; path = "Encodable+Extensions.swift"; sourceTree = "<group>"; };
		06137A542374AC60004543A5 /* HTTPHeader.swift */ = {isa = PBXFileReference; lastKnownFileType = sourcecode.swift; path = HTTPHeader.swift; sourceTree = "<group>"; };
		217D032CD4C620FF9543DF69 /* Pods-RxFlow-Unsplash.debug.xcconfig */ = {isa = PBXFileReference; includeInIndex = 1; lastKnownFileType = text.xcconfig; name = "Pods-RxFlow-Unsplash.debug.xcconfig"; path = "Target Support Files/Pods-RxFlow-Unsplash/Pods-RxFlow-Unsplash.debug.xcconfig"; sourceTree = "<group>"; };
		3C0C311AD0D6D58969AD47A3 /* Pods_RxFlow_Unsplash.framework */ = {isa = PBXFileReference; explicitFileType = wrapper.framework; includeInIndex = 0; path = Pods_RxFlow_Unsplash.framework; sourceTree = BUILT_PRODUCTS_DIR; };
		89C164B2CDCB59C0EEF3C396 /* Pods-RxFlow-Unsplash.release.xcconfig */ = {isa = PBXFileReference; includeInIndex = 1; lastKnownFileType = text.xcconfig; name = "Pods-RxFlow-Unsplash.release.xcconfig"; path = "Target Support Files/Pods-RxFlow-Unsplash/Pods-RxFlow-Unsplash.release.xcconfig"; sourceTree = "<group>"; };
/* End PBXFileReference section */

/* Begin PBXFrameworksBuildPhase section */
		061379AD237477D0004543A5 /* Frameworks */ = {
			isa = PBXFrameworksBuildPhase;
			buildActionMask = 2147483647;
			files = (
				763E0A73373D473F349CD99F /* Pods_RxFlow_Unsplash.framework in Frameworks */,
			);
			runOnlyForDeploymentPostprocessing = 0;
		};
		061379C1237477D2004543A5 /* Frameworks */ = {
			isa = PBXFrameworksBuildPhase;
			buildActionMask = 2147483647;
			files = (
			);
			runOnlyForDeploymentPostprocessing = 0;
		};
/* End PBXFrameworksBuildPhase section */

/* Begin PBXGroup section */
		061379A7237477D0004543A5 = {
			isa = PBXGroup;
			children = (
				061379B2237477D0004543A5 /* RxFlow-Unsplash */,
				061379C7237477D2004543A5 /* RxFlow-UnsplashTests */,
				061379B1237477D0004543A5 /* Products */,
				4D586B25D78B4604AE2A7E44 /* Pods */,
				6A2A9D6EEC072BF60E03F9FB /* Frameworks */,
			);
			sourceTree = "<group>";
		};
		061379B1237477D0004543A5 /* Products */ = {
			isa = PBXGroup;
			children = (
				061379B0237477D0004543A5 /* RxFlow-Unsplash.app */,
				061379C4237477D2004543A5 /* RxFlow-UnsplashTests.xctest */,
			);
			name = Products;
			sourceTree = "<group>";
		};
		061379B2237477D0004543A5 /* RxFlow-Unsplash */ = {
			isa = PBXGroup;
			children = (
				061379EA23747FD4004543A5 /* Constants */,
				061379D92374787D004543A5 /* Assets */,
				061379D823747867004543A5 /* Configuration */,
				061379D62374782E004543A5 /* Extensions */,
				061379D523747815004543A5 /* Flows */,
				061379D42374780E004543A5 /* Models */,
				061379D3237477EF004543A5 /* Services */,
				06137A2823749AA6004543A5 /* Networking */,
				061379D72374783E004543A5 /* Utils */,
				061379B3237477D0004543A5 /* AppDelegate.swift */,
				061379B7237477D0004543A5 /* Main.storyboard */,
			);
			path = "RxFlow-Unsplash";
			sourceTree = "<group>";
		};
		061379C7237477D2004543A5 /* RxFlow-UnsplashTests */ = {
			isa = PBXGroup;
			children = (
				061379C8237477D2004543A5 /* RxFlow_UnsplashTests.swift */,
				061379CA237477D2004543A5 /* Info.plist */,
			);
			path = "RxFlow-UnsplashTests";
			sourceTree = "<group>";
		};
		061379D3237477EF004543A5 /* Services */ = {
			isa = PBXGroup;
			children = (
			);
			path = Services;
			sourceTree = "<group>";
		};
		061379D42374780E004543A5 /* Models */ = {
			isa = PBXGroup;
			children = (
			);
			path = Models;
			sourceTree = "<group>";
		};
		061379D523747815004543A5 /* Flows */ = {
			isa = PBXGroup;
			children = (
				061379DA2374789D004543A5 /* LaunchScreen */,
			);
			path = Flows;
			sourceTree = "<group>";
		};
		061379D62374782E004543A5 /* Extensions */ = {
			isa = PBXGroup;
			children = (
			);
			path = Extensions;
			sourceTree = "<group>";
		};
		061379D72374783E004543A5 /* Utils */ = {
			isa = PBXGroup;
			children = (
				06137A1123748BB1004543A5 /* Enums */,
				061379DF23747976004543A5 /* Identifiable */,
				061379DB23747949004543A5 /* BindableType.swift */,
				061379E823747C63004543A5 /* DisposableViewController.swift */,
			);
			path = Utils;
			sourceTree = "<group>";
		};
		061379D823747867004543A5 /* Configuration */ = {
			isa = PBXGroup;
			children = (
				061379BF237477D2004543A5 /* Info.plist */,
			);
			path = Configuration;
			sourceTree = "<group>";
		};
		061379D92374787D004543A5 /* Assets */ = {
			isa = PBXGroup;
			children = (
				061379BA237477D2004543A5 /* Assets.xcassets */,
			);
			path = Assets;
			sourceTree = "<group>";
		};
		061379DA2374789D004543A5 /* LaunchScreen */ = {
			isa = PBXGroup;
			children = (
				061379BC237477D2004543A5 /* LaunchScreen.storyboard */,
			);
			path = LaunchScreen;
			sourceTree = "<group>";
		};
		061379DF23747976004543A5 /* Identifiable */ = {
			isa = PBXGroup;
			children = (
				061379E023747976004543A5 /* ClassIdentifiable.swift */,
				061379E123747976004543A5 /* NibIdentifiable.swift */,
				061379E223747976004543A5 /* UICollectionView+Identifiable.swift */,
				061379E323747976004543A5 /* UITableView+Identifiable.swift */,
			);
			path = Identifiable;
			sourceTree = "<group>";
		};
		061379EA23747FD4004543A5 /* Constants */ = {
			isa = PBXGroup;
			children = (
				061379EB23747FF7004543A5 /* API.swift */,
			);
			path = Constants;
			sourceTree = "<group>";
		};
		06137A1123748BB1004543A5 /* Enums */ = {
			isa = PBXGroup;
			children = (
				06137A1423748BC2004543A5 /* OrderBy.swift */,
				06137A1223748BC2004543A5 /* Orientation.swift */,
				06137A1623748BC2004543A5 /* PhotosType.swift */,
				06137A1523748BC2004543A5 /* Resolution.swift */,
				06137A1323748BC2004543A5 /* Scope.swift */,
			);
			path = Enums;
			sourceTree = "<group>";
		};
		06137A2823749AA6004543A5 /* Networking */ = {
			isa = PBXGroup;
			children = (
				06137A4F2374A969004543A5 /* Extensions */,
				06137A3723749AA6004543A5 /* Endpoint.swift */,
				06137A3123749AA6004543A5 /* Response.swift */,
				06137A3223749AA6004543A5 /* ResourceType.swift */,
				06137A542374AC60004543A5 /* HTTPHeader.swift */,
				06137A2923749AA6004543A5 /* TinyNetworkingError.swift */,
				06137A2F23749AA6004543A5 /* TinyNetworkingType.swift */,
				06137A3023749AA6004543A5 /* TinyNetworking.swift */,
				06137A3423749AA6004543A5 /* Task.swift */,
				06137A3523749AA6004543A5 /* URLEncoding.swift */,
			);
			path = Networking;
			sourceTree = "<group>";
		};
		06137A4F2374A969004543A5 /* Extensions */ = {
			isa = PBXGroup;
			children = (
				06137A522374AC27004543A5 /* Rx */,
				06137A532374AC40004543A5 /* Foundation */,
			);
			path = Extensions;
			sourceTree = "<group>";
		};
		06137A522374AC27004543A5 /* Rx */ = {
			isa = PBXGroup;
			children = (
				06137A4923749AC9004543A5 /* Rx+TinyNetworking.swift */,
			);
			path = Rx;
			sourceTree = "<group>";
		};
		06137A532374AC40004543A5 /* Foundation */ = {
			isa = PBXGroup;
			children = (
				06137A2A23749AA6004543A5 /* URLRequest+Extensions.swift */,
				06137A2E23749AA6004543A5 /* URLSession+Extensions.swift */,
				06137A3323749AA6004543A5 /* URL+Extensions.swift */,
				06137A4D2374A52D004543A5 /* URLComponents+Extensions.swift */,
				06137A502374A97D004543A5 /* Encodable+Extensions.swift */,
			);
			path = Foundation;
			sourceTree = "<group>";
		};
		4D586B25D78B4604AE2A7E44 /* Pods */ = {
			isa = PBXGroup;
			children = (
				217D032CD4C620FF9543DF69 /* Pods-RxFlow-Unsplash.debug.xcconfig */,
				89C164B2CDCB59C0EEF3C396 /* Pods-RxFlow-Unsplash.release.xcconfig */,
			);
			path = Pods;
			sourceTree = "<group>";
		};
		6A2A9D6EEC072BF60E03F9FB /* Frameworks */ = {
			isa = PBXGroup;
			children = (
				3C0C311AD0D6D58969AD47A3 /* Pods_RxFlow_Unsplash.framework */,
			);
			name = Frameworks;
			sourceTree = "<group>";
		};
/* End PBXGroup section */

/* Begin PBXNativeTarget section */
		061379AF237477D0004543A5 /* RxFlow-Unsplash */ = {
			isa = PBXNativeTarget;
			buildConfigurationList = 061379CD237477D2004543A5 /* Build configuration list for PBXNativeTarget "RxFlow-Unsplash" */;
			buildPhases = (
				B37DAEF3FAE67183EE2C4731 /* [CP] Check Pods Manifest.lock */,
				061379AC237477D0004543A5 /* Sources */,
				061379AD237477D0004543A5 /* Frameworks */,
				061379AE237477D0004543A5 /* Resources */,
				DAE69CFF6D4BEBD54AF5C732 /* [CP] Embed Pods Frameworks */,
				061379ED237482F8004543A5 /* SwiftLint */,
			);
			buildRules = (
			);
			dependencies = (
			);
			name = "RxFlow-Unsplash";
			productName = "RxFlow-Unsplash";
			productReference = 061379B0237477D0004543A5 /* RxFlow-Unsplash.app */;
			productType = "com.apple.product-type.application";
		};
		061379C3237477D2004543A5 /* RxFlow-UnsplashTests */ = {
			isa = PBXNativeTarget;
			buildConfigurationList = 061379D0237477D2004543A5 /* Build configuration list for PBXNativeTarget "RxFlow-UnsplashTests" */;
			buildPhases = (
				061379C0237477D2004543A5 /* Sources */,
				061379C1237477D2004543A5 /* Frameworks */,
				061379C2237477D2004543A5 /* Resources */,
			);
			buildRules = (
			);
			dependencies = (
				061379C6237477D2004543A5 /* PBXTargetDependency */,
			);
			name = "RxFlow-UnsplashTests";
			productName = "RxFlow-UnsplashTests";
			productReference = 061379C4237477D2004543A5 /* RxFlow-UnsplashTests.xctest */;
			productType = "com.apple.product-type.bundle.unit-test";
		};
/* End PBXNativeTarget section */

/* Begin PBXProject section */
		061379A8237477D0004543A5 /* Project object */ = {
			isa = PBXProject;
			attributes = {
				LastSwiftUpdateCheck = 1030;
				LastUpgradeCheck = 1030;
				ORGANIZATIONNAME = "Nikita Velichkin";
				TargetAttributes = {
					061379AF237477D0004543A5 = {
						CreatedOnToolsVersion = 10.3;
					};
					061379C3237477D2004543A5 = {
						CreatedOnToolsVersion = 10.3;
						TestTargetID = 061379AF237477D0004543A5;
					};
				};
			};
			buildConfigurationList = 061379AB237477D0004543A5 /* Build configuration list for PBXProject "RxFlow-Unsplash" */;
			compatibilityVersion = "Xcode 9.3";
			developmentRegion = en;
			hasScannedForEncodings = 0;
			knownRegions = (
				en,
				Base,
			);
			mainGroup = 061379A7237477D0004543A5;
			productRefGroup = 061379B1237477D0004543A5 /* Products */;
			projectDirPath = "";
			projectRoot = "";
			targets = (
				061379AF237477D0004543A5 /* RxFlow-Unsplash */,
				061379C3237477D2004543A5 /* RxFlow-UnsplashTests */,
			);
		};
/* End PBXProject section */

/* Begin PBXResourcesBuildPhase section */
		061379AE237477D0004543A5 /* Resources */ = {
			isa = PBXResourcesBuildPhase;
			buildActionMask = 2147483647;
			files = (
				061379BE237477D2004543A5 /* LaunchScreen.storyboard in Resources */,
				061379BB237477D2004543A5 /* Assets.xcassets in Resources */,
				061379B9237477D0004543A5 /* Main.storyboard in Resources */,
			);
			runOnlyForDeploymentPostprocessing = 0;
		};
		061379C2237477D2004543A5 /* Resources */ = {
			isa = PBXResourcesBuildPhase;
			buildActionMask = 2147483647;
			files = (
			);
			runOnlyForDeploymentPostprocessing = 0;
		};
/* End PBXResourcesBuildPhase section */

/* Begin PBXShellScriptBuildPhase section */
		061379ED237482F8004543A5 /* SwiftLint */ = {
			isa = PBXShellScriptBuildPhase;
			buildActionMask = 2147483647;
			files = (
			);
			inputFileListPaths = (
			);
			inputPaths = (
			);
			name = SwiftLint;
			outputFileListPaths = (
			);
			outputPaths = (
			);
			runOnlyForDeploymentPostprocessing = 0;
			shellPath = /bin/sh;
			shellScript = "if which swiftlint >/dev/null; then\nswiftlint\nelse\necho \"warning: SwiftLint not installed, download from https://github.com/realm/SwiftLint\"\nfi\n";
		};
		B37DAEF3FAE67183EE2C4731 /* [CP] Check Pods Manifest.lock */ = {
			isa = PBXShellScriptBuildPhase;
			buildActionMask = 2147483647;
			files = (
			);
			inputFileListPaths = (
			);
			inputPaths = (
				"${PODS_PODFILE_DIR_PATH}/Podfile.lock",
				"${PODS_ROOT}/Manifest.lock",
			);
			name = "[CP] Check Pods Manifest.lock";
			outputFileListPaths = (
			);
			outputPaths = (
				"$(DERIVED_FILE_DIR)/Pods-RxFlow-Unsplash-checkManifestLockResult.txt",
			);
			runOnlyForDeploymentPostprocessing = 0;
			shellPath = /bin/sh;
			shellScript = "diff \"${PODS_PODFILE_DIR_PATH}/Podfile.lock\" \"${PODS_ROOT}/Manifest.lock\" > /dev/null\nif [ $? != 0 ] ; then\n    # print error to STDERR\n    echo \"error: The sandbox is not in sync with the Podfile.lock. Run 'pod install' or update your CocoaPods installation.\" >&2\n    exit 1\nfi\n# This output is used by Xcode 'outputs' to avoid re-running this script phase.\necho \"SUCCESS\" > \"${SCRIPT_OUTPUT_FILE_0}\"\n";
			showEnvVarsInLog = 0;
		};
		DAE69CFF6D4BEBD54AF5C732 /* [CP] Embed Pods Frameworks */ = {
			isa = PBXShellScriptBuildPhase;
			buildActionMask = 2147483647;
			files = (
			);
			inputFileListPaths = (
				"${PODS_ROOT}/Target Support Files/Pods-RxFlow-Unsplash/Pods-RxFlow-Unsplash-frameworks-${CONFIGURATION}-input-files.xcfilelist",
			);
			name = "[CP] Embed Pods Frameworks";
			outputFileListPaths = (
				"${PODS_ROOT}/Target Support Files/Pods-RxFlow-Unsplash/Pods-RxFlow-Unsplash-frameworks-${CONFIGURATION}-output-files.xcfilelist",
			);
			runOnlyForDeploymentPostprocessing = 0;
			shellPath = /bin/sh;
			shellScript = "\"${PODS_ROOT}/Target Support Files/Pods-RxFlow-Unsplash/Pods-RxFlow-Unsplash-frameworks.sh\"\n";
			showEnvVarsInLog = 0;
		};
/* End PBXShellScriptBuildPhase section */

/* Begin PBXSourcesBuildPhase section */
		061379AC237477D0004543A5 /* Sources */ = {
			isa = PBXSourcesBuildPhase;
			buildActionMask = 2147483647;
			files = (
				061379E423747976004543A5 /* ClassIdentifiable.swift in Sources */,
				06137A1723748BC2004543A5 /* Orientation.swift in Sources */,
				06137A1A23748BC2004543A5 /* Resolution.swift in Sources */,
				06137A4323749AA6004543A5 /* Task.swift in Sources */,
				061379E723747976004543A5 /* UITableView+Identifiable.swift in Sources */,
				06137A3923749AA6004543A5 /* TinyNetworkingError.swift in Sources */,
				061379E623747976004543A5 /* UICollectionView+Identifiable.swift in Sources */,
				06137A3A23749AA6004543A5 /* URLRequest+Extensions.swift in Sources */,
				06137A4B23749AC9004543A5 /* Rx+TinyNetworking.swift in Sources */,
				061379E523747976004543A5 /* NibIdentifiable.swift in Sources */,
				06137A3E23749AA6004543A5 /* TinyNetworkingType.swift in Sources */,
				06137A512374A97D004543A5 /* Encodable+Extensions.swift in Sources */,
				06137A4223749AA6004543A5 /* URL+Extensions.swift in Sources */,
				06137A1823748BC2004543A5 /* Scope.swift in Sources */,
				06137A552374AC60004543A5 /* HTTPHeader.swift in Sources */,
				06137A4E2374A52D004543A5 /* URLComponents+Extensions.swift in Sources */,
				06137A1923748BC2004543A5 /* OrderBy.swift in Sources */,
				06137A3D23749AA6004543A5 /* URLSession+Extensions.swift in Sources */,
				06137A4423749AA6004543A5 /* URLEncoding.swift in Sources */,
				061379DC2374794A004543A5 /* BindableType.swift in Sources */,
				06137A1B23748BC2004543A5 /* PhotosType.swift in Sources */,
				061379B4237477D0004543A5 /* AppDelegate.swift in Sources */,
				061379EC23747FF7004543A5 /* API.swift in Sources */,
				06137A4023749AA6004543A5 /* Response.swift in Sources */,
				06137A4623749AA6004543A5 /* Endpoint.swift in Sources */,
				061379E923747C63004543A5 /* DisposableViewController.swift in Sources */,
			);
			runOnlyForDeploymentPostprocessing = 0;
		};
		061379C0237477D2004543A5 /* Sources */ = {
			isa = PBXSourcesBuildPhase;
			buildActionMask = 2147483647;
			files = (
				061379C9237477D2004543A5 /* RxFlow_UnsplashTests.swift in Sources */,
			);
			runOnlyForDeploymentPostprocessing = 0;
		};
/* End PBXSourcesBuildPhase section */

/* Begin PBXTargetDependency section */
		061379C6237477D2004543A5 /* PBXTargetDependency */ = {
			isa = PBXTargetDependency;
			target = 061379AF237477D0004543A5 /* RxFlow-Unsplash */;
			targetProxy = 061379C5237477D2004543A5 /* PBXContainerItemProxy */;
		};
/* End PBXTargetDependency section */

/* Begin PBXVariantGroup section */
		061379B7237477D0004543A5 /* Main.storyboard */ = {
			isa = PBXVariantGroup;
			children = (
				061379B8237477D0004543A5 /* Base */,
			);
			name = Main.storyboard;
			sourceTree = "<group>";
		};
		061379BC237477D2004543A5 /* LaunchScreen.storyboard */ = {
			isa = PBXVariantGroup;
			children = (
				061379BD237477D2004543A5 /* Base */,
			);
			name = LaunchScreen.storyboard;
			sourceTree = "<group>";
		};
/* End PBXVariantGroup section */

/* Begin XCBuildConfiguration section */
		061379CB237477D2004543A5 /* Debug */ = {
			isa = XCBuildConfiguration;
			buildSettings = {
				ALWAYS_SEARCH_USER_PATHS = NO;
				CLANG_ANALYZER_NONNULL = YES;
				CLANG_ANALYZER_NUMBER_OBJECT_CONVERSION = YES_AGGRESSIVE;
				CLANG_CXX_LANGUAGE_STANDARD = "gnu++14";
				CLANG_CXX_LIBRARY = "libc++";
				CLANG_ENABLE_MODULES = YES;
				CLANG_ENABLE_OBJC_ARC = YES;
				CLANG_ENABLE_OBJC_WEAK = YES;
				CLANG_WARN_BLOCK_CAPTURE_AUTORELEASING = YES;
				CLANG_WARN_BOOL_CONVERSION = YES;
				CLANG_WARN_COMMA = YES;
				CLANG_WARN_CONSTANT_CONVERSION = YES;
				CLANG_WARN_DEPRECATED_OBJC_IMPLEMENTATIONS = YES;
				CLANG_WARN_DIRECT_OBJC_ISA_USAGE = YES_ERROR;
				CLANG_WARN_DOCUMENTATION_COMMENTS = YES;
				CLANG_WARN_EMPTY_BODY = YES;
				CLANG_WARN_ENUM_CONVERSION = YES;
				CLANG_WARN_INFINITE_RECURSION = YES;
				CLANG_WARN_INT_CONVERSION = YES;
				CLANG_WARN_NON_LITERAL_NULL_CONVERSION = YES;
				CLANG_WARN_OBJC_IMPLICIT_RETAIN_SELF = YES;
				CLANG_WARN_OBJC_LITERAL_CONVERSION = YES;
				CLANG_WARN_OBJC_ROOT_CLASS = YES_ERROR;
				CLANG_WARN_RANGE_LOOP_ANALYSIS = YES;
				CLANG_WARN_STRICT_PROTOTYPES = YES;
				CLANG_WARN_SUSPICIOUS_MOVE = YES;
				CLANG_WARN_UNGUARDED_AVAILABILITY = YES_AGGRESSIVE;
				CLANG_WARN_UNREACHABLE_CODE = YES;
				CLANG_WARN__DUPLICATE_METHOD_MATCH = YES;
				CODE_SIGN_IDENTITY = "iPhone Developer";
				COPY_PHASE_STRIP = NO;
				DEBUG_INFORMATION_FORMAT = dwarf;
				ENABLE_STRICT_OBJC_MSGSEND = YES;
				ENABLE_TESTABILITY = YES;
				GCC_C_LANGUAGE_STANDARD = gnu11;
				GCC_DYNAMIC_NO_PIC = NO;
				GCC_NO_COMMON_BLOCKS = YES;
				GCC_OPTIMIZATION_LEVEL = 0;
				GCC_PREPROCESSOR_DEFINITIONS = (
					"DEBUG=1",
					"$(inherited)",
				);
				GCC_WARN_64_TO_32_BIT_CONVERSION = YES;
				GCC_WARN_ABOUT_RETURN_TYPE = YES_ERROR;
				GCC_WARN_UNDECLARED_SELECTOR = YES;
				GCC_WARN_UNINITIALIZED_AUTOS = YES_AGGRESSIVE;
				GCC_WARN_UNUSED_FUNCTION = YES;
				GCC_WARN_UNUSED_VARIABLE = YES;
				IPHONEOS_DEPLOYMENT_TARGET = 12.4;
				MTL_ENABLE_DEBUG_INFO = INCLUDE_SOURCE;
				MTL_FAST_MATH = YES;
				ONLY_ACTIVE_ARCH = YES;
				SDKROOT = iphoneos;
				SWIFT_ACTIVE_COMPILATION_CONDITIONS = DEBUG;
				SWIFT_OPTIMIZATION_LEVEL = "-Onone";
			};
			name = Debug;
		};
		061379CC237477D2004543A5 /* Release */ = {
			isa = XCBuildConfiguration;
			buildSettings = {
				ALWAYS_SEARCH_USER_PATHS = NO;
				CLANG_ANALYZER_NONNULL = YES;
				CLANG_ANALYZER_NUMBER_OBJECT_CONVERSION = YES_AGGRESSIVE;
				CLANG_CXX_LANGUAGE_STANDARD = "gnu++14";
				CLANG_CXX_LIBRARY = "libc++";
				CLANG_ENABLE_MODULES = YES;
				CLANG_ENABLE_OBJC_ARC = YES;
				CLANG_ENABLE_OBJC_WEAK = YES;
				CLANG_WARN_BLOCK_CAPTURE_AUTORELEASING = YES;
				CLANG_WARN_BOOL_CONVERSION = YES;
				CLANG_WARN_COMMA = YES;
				CLANG_WARN_CONSTANT_CONVERSION = YES;
				CLANG_WARN_DEPRECATED_OBJC_IMPLEMENTATIONS = YES;
				CLANG_WARN_DIRECT_OBJC_ISA_USAGE = YES_ERROR;
				CLANG_WARN_DOCUMENTATION_COMMENTS = YES;
				CLANG_WARN_EMPTY_BODY = YES;
				CLANG_WARN_ENUM_CONVERSION = YES;
				CLANG_WARN_INFINITE_RECURSION = YES;
				CLANG_WARN_INT_CONVERSION = YES;
				CLANG_WARN_NON_LITERAL_NULL_CONVERSION = YES;
				CLANG_WARN_OBJC_IMPLICIT_RETAIN_SELF = YES;
				CLANG_WARN_OBJC_LITERAL_CONVERSION = YES;
				CLANG_WARN_OBJC_ROOT_CLASS = YES_ERROR;
				CLANG_WARN_RANGE_LOOP_ANALYSIS = YES;
				CLANG_WARN_STRICT_PROTOTYPES = YES;
				CLANG_WARN_SUSPICIOUS_MOVE = YES;
				CLANG_WARN_UNGUARDED_AVAILABILITY = YES_AGGRESSIVE;
				CLANG_WARN_UNREACHABLE_CODE = YES;
				CLANG_WARN__DUPLICATE_METHOD_MATCH = YES;
				CODE_SIGN_IDENTITY = "iPhone Developer";
				COPY_PHASE_STRIP = NO;
				DEBUG_INFORMATION_FORMAT = "dwarf-with-dsym";
				ENABLE_NS_ASSERTIONS = NO;
				ENABLE_STRICT_OBJC_MSGSEND = YES;
				GCC_C_LANGUAGE_STANDARD = gnu11;
				GCC_NO_COMMON_BLOCKS = YES;
				GCC_WARN_64_TO_32_BIT_CONVERSION = YES;
				GCC_WARN_ABOUT_RETURN_TYPE = YES_ERROR;
				GCC_WARN_UNDECLARED_SELECTOR = YES;
				GCC_WARN_UNINITIALIZED_AUTOS = YES_AGGRESSIVE;
				GCC_WARN_UNUSED_FUNCTION = YES;
				GCC_WARN_UNUSED_VARIABLE = YES;
				IPHONEOS_DEPLOYMENT_TARGET = 12.4;
				MTL_ENABLE_DEBUG_INFO = NO;
				MTL_FAST_MATH = YES;
				SDKROOT = iphoneos;
				SWIFT_COMPILATION_MODE = wholemodule;
				SWIFT_OPTIMIZATION_LEVEL = "-O";
				VALIDATE_PRODUCT = YES;
			};
			name = Release;
		};
		061379CE237477D2004543A5 /* Debug */ = {
			isa = XCBuildConfiguration;
			baseConfigurationReference = 217D032CD4C620FF9543DF69 /* Pods-RxFlow-Unsplash.debug.xcconfig */;
			buildSettings = {
				ASSETCATALOG_COMPILER_APPICON_NAME = AppIcon;
				CODE_SIGN_STYLE = Automatic;
				INFOPLIST_FILE = "RxFlow-Unsplash/Configuration/Info.plist";
				LD_RUNPATH_SEARCH_PATHS = (
					"$(inherited)",
					"@executable_path/Frameworks",
				);
				PRODUCT_BUNDLE_IDENTIFIER = "app.RxFlow-Unsplash";
				PRODUCT_NAME = "$(TARGET_NAME)";
				SWIFT_VERSION = 5.0;
				TARGETED_DEVICE_FAMILY = "1,2";
			};
			name = Debug;
		};
		061379CF237477D2004543A5 /* Release */ = {
			isa = XCBuildConfiguration;
			baseConfigurationReference = 89C164B2CDCB59C0EEF3C396 /* Pods-RxFlow-Unsplash.release.xcconfig */;
			buildSettings = {
				ASSETCATALOG_COMPILER_APPICON_NAME = AppIcon;
				CODE_SIGN_STYLE = Automatic;
				INFOPLIST_FILE = "RxFlow-Unsplash/Configuration/Info.plist";
				LD_RUNPATH_SEARCH_PATHS = (
					"$(inherited)",
					"@executable_path/Frameworks",
				);
				PRODUCT_BUNDLE_IDENTIFIER = "app.RxFlow-Unsplash";
				PRODUCT_NAME = "$(TARGET_NAME)";
				SWIFT_VERSION = 5.0;
				TARGETED_DEVICE_FAMILY = "1,2";
			};
			name = Release;
		};
		061379D1237477D2004543A5 /* Debug */ = {
			isa = XCBuildConfiguration;
			buildSettings = {
				ALWAYS_EMBED_SWIFT_STANDARD_LIBRARIES = YES;
				BUNDLE_LOADER = "$(TEST_HOST)";
				CODE_SIGN_STYLE = Automatic;
				INFOPLIST_FILE = "RxFlow-UnsplashTests/Info.plist";
				LD_RUNPATH_SEARCH_PATHS = (
					"$(inherited)",
					"@executable_path/Frameworks",
					"@loader_path/Frameworks",
				);
				PRODUCT_BUNDLE_IDENTIFIER = "app.RxFlow-UnsplashTests";
				PRODUCT_NAME = "$(TARGET_NAME)";
				SWIFT_VERSION = 5.0;
				TARGETED_DEVICE_FAMILY = "1,2";
				TEST_HOST = "$(BUILT_PRODUCTS_DIR)/RxFlow-Unsplash.app/RxFlow-Unsplash";
			};
			name = Debug;
		};
		061379D2237477D2004543A5 /* Release */ = {
			isa = XCBuildConfiguration;
			buildSettings = {
				ALWAYS_EMBED_SWIFT_STANDARD_LIBRARIES = YES;
				BUNDLE_LOADER = "$(TEST_HOST)";
				CODE_SIGN_STYLE = Automatic;
				INFOPLIST_FILE = "RxFlow-UnsplashTests/Info.plist";
				LD_RUNPATH_SEARCH_PATHS = (
					"$(inherited)",
					"@executable_path/Frameworks",
					"@loader_path/Frameworks",
				);
				PRODUCT_BUNDLE_IDENTIFIER = "app.RxFlow-UnsplashTests";
				PRODUCT_NAME = "$(TARGET_NAME)";
				SWIFT_VERSION = 5.0;
				TARGETED_DEVICE_FAMILY = "1,2";
				TEST_HOST = "$(BUILT_PRODUCTS_DIR)/RxFlow-Unsplash.app/RxFlow-Unsplash";
			};
			name = Release;
		};
/* End XCBuildConfiguration section */

/* Begin XCConfigurationList section */
		061379AB237477D0004543A5 /* Build configuration list for PBXProject "RxFlow-Unsplash" */ = {
			isa = XCConfigurationList;
			buildConfigurations = (
				061379CB237477D2004543A5 /* Debug */,
				061379CC237477D2004543A5 /* Release */,
			);
			defaultConfigurationIsVisible = 0;
			defaultConfigurationName = Release;
		};
		061379CD237477D2004543A5 /* Build configuration list for PBXNativeTarget "RxFlow-Unsplash" */ = {
			isa = XCConfigurationList;
			buildConfigurations = (
				061379CE237477D2004543A5 /* Debug */,
				061379CF237477D2004543A5 /* Release */,
			);
			defaultConfigurationIsVisible = 0;
			defaultConfigurationName = Release;
		};
		061379D0237477D2004543A5 /* Build configuration list for PBXNativeTarget "RxFlow-UnsplashTests" */ = {
			isa = XCConfigurationList;
			buildConfigurations = (
				061379D1237477D2004543A5 /* Debug */,
				061379D2237477D2004543A5 /* Release */,
			);
			defaultConfigurationIsVisible = 0;
			defaultConfigurationName = Release;
		};
/* End XCConfigurationList section */
	};
	rootObject = 061379A8237477D0004543A5 /* Project object */;
}
